
Microsoft Visual Studio Solution File, Format Version 12.00
# Visual Studio Version 17
VisualStudioVersion = 17.5.002.0
MinimumVisualStudioVersion = 10.0.40219.1
Project("{9A19103F-16F7-4668-BE54-9A1E7A4F7556}") = "csharp-windows-desktop-maui", "csharp-windows-desktop-maui.csproj", "{A49ADD2B-774F-4081-BC7D-4E04821593A6}"
EndProject
Global
	GlobalSection(SolutionConfigurationPlatforms) = preSolution
		Debug|Any CPU = Debug|Any CPU
		Release|Any CPU = Release|Any CPU
	EndGlobalSection
	GlobalSection(ProjectConfigurationPlatforms) = postSolution
		{A49ADD2B-774F-4081-BC7D-4E04821593A6}.Debug|Any CPU.ActiveCfg = Debug|Any CPU
		{A49ADD2B-774F-4081-BC7D-4E04821593A6}.Debug|Any CPU.Build.0 = Debug|Any CPU
		{A49ADD2B-774F-4081-BC7D-4E04821593A6}.Release|Any CPU.ActiveCfg = Release|Any CPU
		{A49ADD2B-774F-4081-BC7D-4E04821593A6}.Release|Any CPU.Build.0 = Release|Any CPU
	EndGlobalSection
	GlobalSection(SolutionProperties) = preSolution
		HideSolutionNode = FALSE
	EndGlobalSection
	GlobalSection(ExtensibilityGlobals) = postSolution
		SolutionGuid = {36337A49-78A3-4E4D-B85F-73DE853AE37B}
	EndGlobalSection
EndGlobal
